
Microsoft Visual Studio Solution File, Format Version 12.00
# Visual Studio Version 17
VisualStudioVersion = 17.8.34525.116
MinimumVisualStudioVersion = 10.0.40219.1
Project("{FAE04EC0-301F-11D3-BF4B-00C04F79EFBC}") = "StudentManagement.web", "StudentManagement.web\StudentManagement.web.csproj", "{30724EEE-B64B-41AF-A644-78FE3E2874A9}"
EndProject
Global
	GlobalSection(SolutionConfigurationPlatforms) = preSolution
		Debug|Any CPU = Debug|Any CPU
		Release|Any CPU = Release|Any CPU
	EndGlobalSection
	GlobalSection(ProjectConfigurationPlatforms) = postSolution
		{30724EEE-B64B-41AF-A644-78FE3E2874A9}.Debug|Any CPU.ActiveCfg = Debug|Any CPU
		{30724EEE-B64B-41AF-A644-78FE3E2874A9}.Debug|Any CPU.Build.0 = Debug|Any CPU
		{30724EEE-B64B-41AF-A644-78FE3E2874A9}.Release|Any CPU.ActiveCfg = Release|Any CPU
		{30724EEE-B64B-41AF-A644-78FE3E2874A9}.Release|Any CPU.Build.0 = Release|Any CPU
	EndGlobalSection
	GlobalSection(SolutionProperties) = preSolution
		HideSolutionNode = FALSE
	EndGlobalSection
	GlobalSection(ExtensibilityGlobals) = postSolution
		SolutionGuid = {39F2F48A-FA49-4D8D-8224-5C7AF7CD3F36}
	EndGlobalSection
EndGlobal
